{
  "requires": true,
  "lockfileVersion": 1,
  "dependencies": {
    "vue-youtube-embed": {
      "version": "2.2.2",
      "resolved": "https://registry.npmjs.org/vue-youtube-embed/-/vue-youtube-embed-2.2.2.tgz",
      "integrity": "sha512-l/EJuFMRK43AN73N+qxJnN0LB3uPl2xAghmr3dCvODWGCRWGjmGfrHaOtD93fu9J4co+CZLv1KP3akAsldC1aw=="
    }
  }
}
